dependencies:
- name: mongodb
  repository: https://charts.bitnami.com/bitnami
  version: 12.1.15
- name: rabbitmq
  repository: https://charts.bitnami.com/bitnami
  version: 10.1.1
digest: sha256:9b07aea5514e096e324c75159d68640f089201e6f0b0cd01068abae1226c9f4a
generated: "2022-06-03T00:39:33.04475+03:00"
