dependencies:
- name: mongodb
  repository: https://charts.bitnami.com/bitnami
  version: 11.0.6
- name: rabbitmq
  repository: https://charts.bitnami.com/bitnami
  version: 8.27.0
digest: sha256:c4bb7f2843508607660d2e1ccfed0efafc79b4b046081ec1e3553e9191cc1ab6
generated: "2022-06-02T16:27:15.212965+03:00"
